{
  "name": "linq4es2015",
  "version": "0.0.1",
  "lockfileVersion": 1,
  "dependencies": {
    "tslib": {
      "version": "1.7.1",
      "resolved": "https://registry.npmjs.org/tslib/-/tslib-1.7.1.tgz",
      "integrity": "sha1-vIAEFkaRkjp5/oN4u+s9ogF1OOw=",
      "dev": true
    },
    "typescript": {
      "version": "2.5.0-dev.20170624",
      "resolved": "https://registry.npmjs.org/typescript/-/typescript-2.5.0-dev.20170624.tgz",
      "integrity": "sha1-If6eIMsjm+p58qlFMwAJtka/YRI="
    }
  }
}
